<?xml version="1.0" encoding="utf-8"?>
<Project ToolsVersion="4.0" xmlns="http://schemas.microsoft.com/developer/msbuild/2003">
  <ItemGroup>
    <Filter Include="Source Files">
      <UniqueIdentifier>{4FC737F1-C7A5-4376-A066-2A32D752A2FF}</UniqueIdentifier>
      <Extensions>cpp;c;cc;cxx;c++;cppm;ixx;def;odl;idl;hpj;bat;asm;asmx</Extensions>
    </Filter>
    <Filter Include="Header Files">
      <UniqueIdentifier>{93995380-89BD-4b04-88EB-625FBE52EBFB}</UniqueIdentifier>
      <Extensions>h;hh;hpp;hxx;h++;hm;inl;inc;ipp;xsd</Extensions>
    </Filter>
    <Filter Include="Resource Files">
      <UniqueIdentifier>{67DA6AB6-F800-4c08-8B7A-83BB121AAD01}</UniqueIdentifier>
      <Extensions>rc;ico;cur;bmp;dlg;rc2;rct;bin;rgs;gif;jpg;jpeg;jpe;resx;tiff;tif;png;wav;mfcribbon-ms</Extensions>
    </Filter>
    <Filter Include="Generated Files">
      <UniqueIdentifier>{339ff35a-cead-40d7-90ab-5b4971ae149a}</UniqueIdentifier>
      <SourceControlFiles>False</SourceControlFiles>
    </Filter>
  </ItemGroup>
  <ItemGroup>
    <ClInclude Include="src/CredentialFlow.h">
      <Filter>Header Files</Filter>
    </ClInclude>
    <ClInclude Include="src/CredentialState.h">
      <Filter>Header Files</Filter>
    </ClInclude>
    <ClInclude Include="src/framework.h">
      <Filter>Header Files</Filter>
    </ClInclude>
    <ClInclude Include="src/targetver.h">
      <Filter>Header Files</Filter>
    </ClInclude>
    <ClInclude Include="src/Resource.h">
      <Filter>Header Files</Filter>
    </ClInclude>
    <ClInclude Include="src/dllmain.h">
      <Filter>Header Files</Filter>
    </ClInclude>
    <ClInclude Include="src/MosaicCredProv_i.h">
      <Filter>Generated Files</Filter>
    </ClInclude>
    <ClInclude Include="src/pch.h">
      <Filter>Header Files</Filter>
    </ClInclude>
    <ClInclude Include="src/MosaicCpCoClass.h">
      <Filter>Header Files</Filter>
    </ClInclude>
    <ClInclude Include="src/MosaicCpCredentialCoClass.h">
      <Filter>Header Files</Filter>
    </ClInclude>
    <ClInclude Include="src/MosaicCpFilterCoClass.h">
      <Filter>Header Files</Filter>
    </ClInclude>
    <ClInclude Include="src/dprintf.h">
      <Filter>Header Files</Filter>
    </ClInclude>
    <ClInclude Include="src/EnrollmentCrypto.h">
      <Filter>Header Files</Filter>
    </ClInclude>
    <ClInclude Include="src/EnrollmentStore.h">
      <Filter>Header Files</Filter>
    </ClInclude>
    <ClInclude Include="src/EnrollmentTypes.h">
      <Filter>Header Files</Filter>
    </ClInclude>
    <ClInclude Include="src/MosaicPattern.h">
      <Filter>Header Files</Filter>
    </ClInclude>
    <ClInclude Include="src/MosaicRender.h">
      <Filter>Header Files</Filter>
    </ClInclude>
    <ClInclude Include="src/ProductConfig.h">
      <Filter>Header Files</Filter>
    </ClInclude>
    <ClInclude Include="src/ProviderRegistration.h">
      <Filter>Header Files</Filter>
    </ClInclude>
    <ClInclude Include="src/FieldDescriptors.h">
      <Filter>Header Files</Filter>
    </ClInclude>
    <ClInclude Include="src/VerifyDialog.h">
      <Filter>Header Files</Filter>
    </ClInclude>
    <ClInclude Include="src/WindowsAuth.h">
      <Filter>Header Files</Filter>
    </ClInclude>
  </ItemGroup>
  <ItemGroup>
    <ClCompile Include="src/CredentialFlow.cpp">
      <Filter>Source Files</Filter>
    </ClCompile>
    <ClCompile Include="src/MosaicCredProv.cpp">
      <Filter>Source Files</Filter>
    </ClCompile>
    <ClCompile Include="src/dllmain.cpp">
      <Filter>Source Files</Filter>
    </ClCompile>
    <ClCompile Include="MosaicCredProv_i.c">
      <Filter>Generated Files</Filter>
    </ClCompile>
    <ClCompile Include="src/pch.cpp">
      <Filter>Source Files</Filter>
    </ClCompile>
    <ClCompile Include="src/MosaicCpCoClass.cpp">
      <Filter>Source Files</Filter>
    </ClCompile>
    <ClCompile Include="src/MosaicCpCredentialCoClass.cpp">
      <Filter>Source Files</Filter>
    </ClCompile>
    <ClCompile Include="src/MosaicCpFilterCoClass.cpp">
      <Filter>Source Files</Filter>
    </ClCompile>
    <ClCompile Include="src/EnrollmentCrypto.cpp">
      <Filter>Source Files</Filter>
    </ClCompile>
    <ClCompile Include="src/EnrollmentStore.cpp">
      <Filter>Source Files</Filter>
    </ClCompile>
    <ClCompile Include="src/MosaicPattern.cpp">
      <Filter>Source Files</Filter>
    </ClCompile>
    <ClCompile Include="src/MosaicRender.cpp">
      <Filter>Source Files</Filter>
    </ClCompile>
    <ClCompile Include="src/ProviderRegistration.cpp">
      <Filter>Source Files</Filter>
    </ClCompile>
    <ClCompile Include="src/WindowsAuth.cpp">
      <Filter>Source Files</Filter>
    </ClCompile>
    <ClCompile Include="src/VerifyDialog.cpp">
      <Filter>Source Files</Filter>
    </ClCompile>
  </ItemGroup>
  <ItemGroup>
    <ResourceCompile Include="res/MosaicCredProv.rc">
      <Filter>Resource Files</Filter>
    </ResourceCompile>
  </ItemGroup>
  <ItemGroup>
    <None Include="MosaicCredProv.def">
      <Filter>Source Files</Filter>
    </None>
    <None Include="MosaicCredentialProvider.rgs">
      <Filter>Resource Files</Filter>
    </None>
    <None Include="cpp.hint" />
    <None Include="MosaicCpCredentialCoClass.rgs">
      <Filter>Resource Files</Filter>
    </None>
    <None Include="MosaicCpFilterCoClass.rgs">
      <Filter>Resource Files</Filter>
    </None>
  </ItemGroup>
  <ItemGroup>
    <Midl Include="MosaicCredProv.idl">
      <Filter>Source Files</Filter>
    </Midl>
  </ItemGroup>
  <ItemGroup>
    <Image Include="res/bitmap1.bmp">
      <Filter>Resource Files</Filter>
    </Image>
  </ItemGroup>
</Project>


